
Microsoft Visual Studio Solution File, Format Version 12.00
# Visual Studio Version 17
VisualStudioVersion = 17.0.31903.59
MinimumVisualStudioVersion = 10.0.40219.1
Project("{FAE04EC0-301F-11D3-BF4B-00C04F79EFBC}") = "API", "API\API.csproj", "{3E3E6D39-ABCE-4907-9037-F1E43E9FC813}"
EndProject
Project("{FAE04EC0-301F-11D3-BF4B-00C04F79EFBC}") = "Application", "Application\Application.csproj", "{B70A9946-E891-41C3-BD6D-56CC918F4BBA}"
EndProject
Project("{FAE04EC0-301F-11D3-BF4B-00C04F79EFBC}") = "Domain", "Domain\Domain.csproj", "{313A5D17-437A-4A59-9816-798CEABAC3CF}"
EndProject
Project("{FAE04EC0-301F-11D3-BF4B-00C04F79EFBC}") = "Persistence", "Persistence\Persistence.csproj", "{5AA78248-E83C-41B5-A80E-E1E44DA2A2D6}"
EndProject
Global
	GlobalSection(SolutionConfigurationPlatforms) = preSolution
		Debug|Any CPU = Debug|Any CPU
		Release|Any CPU = Release|Any CPU
	EndGlobalSection
	GlobalSection(SolutionProperties) = preSolution
		HideSolutionNode = FALSE
	EndGlobalSection
	GlobalSection(ProjectConfigurationPlatforms) = postSolution
		{3E3E6D39-ABCE-4907-9037-F1E43E9FC813}.Debug|Any CPU.ActiveCfg = Debug|Any CPU
		{3E3E6D39-ABCE-4907-9037-F1E43E9FC813}.Debug|Any CPU.Build.0 = Debug|Any CPU
		{3E3E6D39-ABCE-4907-9037-F1E43E9FC813}.Release|Any CPU.ActiveCfg = Release|Any CPU
		{3E3E6D39-ABCE-4907-9037-F1E43E9FC813}.Release|Any CPU.Build.0 = Release|Any CPU
		{B70A9946-E891-41C3-BD6D-56CC918F4BBA}.Debug|Any CPU.ActiveCfg = Debug|Any CPU
		{B70A9946-E891-41C3-BD6D-56CC918F4BBA}.Debug|Any CPU.Build.0 = Debug|Any CPU
		{B70A9946-E891-41C3-BD6D-56CC918F4BBA}.Release|Any CPU.ActiveCfg = Release|Any CPU
		{B70A9946-E891-41C3-BD6D-56CC918F4BBA}.Release|Any CPU.Build.0 = Release|Any CPU
		{313A5D17-437A-4A59-9816-798CEABAC3CF}.Debug|Any CPU.ActiveCfg = Debug|Any CPU
		{313A5D17-437A-4A59-9816-798CEABAC3CF}.Debug|Any CPU.Build.0 = Debug|Any CPU
		{313A5D17-437A-4A59-9816-798CEABAC3CF}.Release|Any CPU.ActiveCfg = Release|Any CPU
		{313A5D17-437A-4A59-9816-798CEABAC3CF}.Release|Any CPU.Build.0 = Release|Any CPU
		{5AA78248-E83C-41B5-A80E-E1E44DA2A2D6}.Debug|Any CPU.ActiveCfg = Debug|Any CPU
		{5AA78248-E83C-41B5-A80E-E1E44DA2A2D6}.Debug|Any CPU.Build.0 = Debug|Any CPU
		{5AA78248-E83C-41B5-A80E-E1E44DA2A2D6}.Release|Any CPU.ActiveCfg = Release|Any CPU
		{5AA78248-E83C-41B5-A80E-E1E44DA2A2D6}.Release|Any CPU.Build.0 = Release|Any CPU
	EndGlobalSection
EndGlobal
